
Microsoft Visual Studio Solution File, Format Version 12.00
# Visual Studio Version 16
VisualStudioVersion = 16.0.31729.503
MinimumVisualStudioVersion = 10.0.40219.1
Project("{9A19103F-16F7-4668-BE54-9A1E7A4F7556}") = "Perseverance", "src\Perseverance\Perseverance.csproj", "{03C90FF1-0697-4A9B-B66B-0868E8866674}"
EndProject
Project("{9A19103F-16F7-4668-BE54-9A1E7A4F7556}") = "Perseverance.Application", "src\Perseverance.Application\Perseverance.Application.csproj", "{A91B168E-2255-4A22-97CB-AD7C52453CC0}"
EndProject
Project("{9A19103F-16F7-4668-BE54-9A1E7A4F7556}") = "Perseverance.Domain", "src\Perseverance.Domain\Perseverance.Domain.csproj", "{2F43B051-BE77-4CD4-BBCC-879A372580B4}"
EndProject
Project("{FAE04EC0-301F-11D3-BF4B-00C04F79EFBC}") = "Perseverance.Infrastructure.File", "src\Perseverance.Infrastructure.File\Perseverance.Infrastructure.File.csproj", "{29AE1432-FC27-4669-BD0B-DDA7779B87F2}"
EndProject
Global
	GlobalSection(SolutionConfigurationPlatforms) = preSolution
		Debug|Any CPU = Debug|Any CPU
		Release|Any CPU = Release|Any CPU
	EndGlobalSection
	GlobalSection(ProjectConfigurationPlatforms) = postSolution
		{03C90FF1-0697-4A9B-B66B-0868E8866674}.Debug|Any CPU.ActiveCfg = Debug|Any CPU
		{03C90FF1-0697-4A9B-B66B-0868E8866674}.Debug|Any CPU.Build.0 = Debug|Any CPU
		{03C90FF1-0697-4A9B-B66B-0868E8866674}.Release|Any CPU.ActiveCfg = Release|Any CPU
		{03C90FF1-0697-4A9B-B66B-0868E8866674}.Release|Any CPU.Build.0 = Release|Any CPU
		{A91B168E-2255-4A22-97CB-AD7C52453CC0}.Debug|Any CPU.ActiveCfg = Debug|Any CPU
		{A91B168E-2255-4A22-97CB-AD7C52453CC0}.Debug|Any CPU.Build.0 = Debug|Any CPU
		{A91B168E-2255-4A22-97CB-AD7C52453CC0}.Release|Any CPU.ActiveCfg = Release|Any CPU
		{A91B168E-2255-4A22-97CB-AD7C52453CC0}.Release|Any CPU.Build.0 = Release|Any CPU
		{2F43B051-BE77-4CD4-BBCC-879A372580B4}.Debug|Any CPU.ActiveCfg = Debug|Any CPU
		{2F43B051-BE77-4CD4-BBCC-879A372580B4}.Debug|Any CPU.Build.0 = Debug|Any CPU
		{2F43B051-BE77-4CD4-BBCC-879A372580B4}.Release|Any CPU.ActiveCfg = Release|Any CPU
		{2F43B051-BE77-4CD4-BBCC-879A372580B4}.Release|Any CPU.Build.0 = Release|Any CPU
		{29AE1432-FC27-4669-BD0B-DDA7779B87F2}.Debug|Any CPU.ActiveCfg = Debug|Any CPU
		{29AE1432-FC27-4669-BD0B-DDA7779B87F2}.Debug|Any CPU.Build.0 = Debug|Any CPU
		{29AE1432-FC27-4669-BD0B-DDA7779B87F2}.Release|Any CPU.ActiveCfg = Release|Any CPU
		{29AE1432-FC27-4669-BD0B-DDA7779B87F2}.Release|Any CPU.Build.0 = Release|Any CPU
	EndGlobalSection
	GlobalSection(SolutionProperties) = preSolution
		HideSolutionNode = FALSE
	EndGlobalSection
	GlobalSection(ExtensibilityGlobals) = postSolution
		SolutionGuid = {ABE967E3-6AED-4078-B7A7-BE2FDF092620}
	EndGlobalSection
EndGlobal
